
Microsoft Visual Studio Solution File, Format Version 12.00
Project("{FAE04EC0-301F-11D3-BF4B-00C04F79EFBC}") = "Introduction", "Introduction\Introduction.csproj", "{EFE3B7D4-4C94-4F1A-9505-F027DB8DCF8E}"
EndProject
Project("{FAE04EC0-301F-11D3-BF4B-00C04F79EFBC}") = "tuples_and_types", "tuples_and_types\tuples_and_types.csproj", "{86E69284-DCBE-4C14-92F4-4B7227EC550B}"
EndProject
Project("{FAE04EC0-301F-11D3-BF4B-00C04F79EFBC}") = "branches_and_loops", "branches_and_loops\branches_and_loops.csproj", "{4ED29284-DC4E-403B-9904-1A46C6CDB626}"
EndProject
Project("{FAE04EC0-301F-11D3-BF4B-00C04F79EFBC}") = "04_list_collections", "04_list_collections\04_list_collections.csproj", "{34B5BD36-2DAE-4AC6-8CD8-FE31EE2415F5}"
EndProject
Project("{FAE04EC0-301F-11D3-BF4B-00C04F79EFBC}") = "05_pattern_matching", "05_pattern_matching\05_pattern_matching.csproj", "{CE55ACBE-F1FE-4ED8-B697-D3A3C744C118}"
EndProject
Project("{FAE04EC0-301F-11D3-BF4B-00C04F79EFBC}") = "03_class_two", "03_class_two\03_class_two.csproj", "{258BB623-72FA-4D58-AC9B-2B64A65CE924}"
EndProject
Project("{FAE04EC0-301F-11D3-BF4B-00C04F79EFBC}") = "06_methods", "06_methods\06_methods.csproj", "{A06C1E23-B06F-4467-BFEE-7AE047DCF4D3}"
EndProject
Global
	GlobalSection(SolutionConfigurationPlatforms) = preSolution
		Debug|Any CPU = Debug|Any CPU
		Release|Any CPU = Release|Any CPU
	EndGlobalSection
	GlobalSection(ProjectConfigurationPlatforms) = postSolution
		{EFE3B7D4-4C94-4F1A-9505-F027DB8DCF8E}.Debug|Any CPU.ActiveCfg = Debug|Any CPU
		{EFE3B7D4-4C94-4F1A-9505-F027DB8DCF8E}.Debug|Any CPU.Build.0 = Debug|Any CPU
		{EFE3B7D4-4C94-4F1A-9505-F027DB8DCF8E}.Release|Any CPU.ActiveCfg = Release|Any CPU
		{EFE3B7D4-4C94-4F1A-9505-F027DB8DCF8E}.Release|Any CPU.Build.0 = Release|Any CPU
		{86E69284-DCBE-4C14-92F4-4B7227EC550B}.Debug|Any CPU.ActiveCfg = Debug|Any CPU
		{86E69284-DCBE-4C14-92F4-4B7227EC550B}.Debug|Any CPU.Build.0 = Debug|Any CPU
		{86E69284-DCBE-4C14-92F4-4B7227EC550B}.Release|Any CPU.ActiveCfg = Release|Any CPU
		{86E69284-DCBE-4C14-92F4-4B7227EC550B}.Release|Any CPU.Build.0 = Release|Any CPU
		{4ED29284-DC4E-403B-9904-1A46C6CDB626}.Debug|Any CPU.ActiveCfg = Debug|Any CPU
		{4ED29284-DC4E-403B-9904-1A46C6CDB626}.Debug|Any CPU.Build.0 = Debug|Any CPU
		{4ED29284-DC4E-403B-9904-1A46C6CDB626}.Release|Any CPU.ActiveCfg = Release|Any CPU
		{4ED29284-DC4E-403B-9904-1A46C6CDB626}.Release|Any CPU.Build.0 = Release|Any CPU
		{34B5BD36-2DAE-4AC6-8CD8-FE31EE2415F5}.Debug|Any CPU.ActiveCfg = Debug|Any CPU
		{34B5BD36-2DAE-4AC6-8CD8-FE31EE2415F5}.Debug|Any CPU.Build.0 = Debug|Any CPU
		{34B5BD36-2DAE-4AC6-8CD8-FE31EE2415F5}.Release|Any CPU.ActiveCfg = Release|Any CPU
		{34B5BD36-2DAE-4AC6-8CD8-FE31EE2415F5}.Release|Any CPU.Build.0 = Release|Any CPU
		{CE55ACBE-F1FE-4ED8-B697-D3A3C744C118}.Debug|Any CPU.ActiveCfg = Debug|Any CPU
		{CE55ACBE-F1FE-4ED8-B697-D3A3C744C118}.Debug|Any CPU.Build.0 = Debug|Any CPU
		{CE55ACBE-F1FE-4ED8-B697-D3A3C744C118}.Release|Any CPU.ActiveCfg = Release|Any CPU
		{CE55ACBE-F1FE-4ED8-B697-D3A3C744C118}.Release|Any CPU.Build.0 = Release|Any CPU
		{258BB623-72FA-4D58-AC9B-2B64A65CE924}.Debug|Any CPU.ActiveCfg = Debug|Any CPU
		{258BB623-72FA-4D58-AC9B-2B64A65CE924}.Debug|Any CPU.Build.0 = Debug|Any CPU
		{258BB623-72FA-4D58-AC9B-2B64A65CE924}.Release|Any CPU.ActiveCfg = Release|Any CPU
		{258BB623-72FA-4D58-AC9B-2B64A65CE924}.Release|Any CPU.Build.0 = Release|Any CPU
		{A06C1E23-B06F-4467-BFEE-7AE047DCF4D3}.Debug|Any CPU.ActiveCfg = Debug|Any CPU
		{A06C1E23-B06F-4467-BFEE-7AE047DCF4D3}.Debug|Any CPU.Build.0 = Debug|Any CPU
		{A06C1E23-B06F-4467-BFEE-7AE047DCF4D3}.Release|Any CPU.ActiveCfg = Release|Any CPU
		{A06C1E23-B06F-4467-BFEE-7AE047DCF4D3}.Release|Any CPU.Build.0 = Release|Any CPU
	EndGlobalSection
EndGlobal
